// !$*UTF8*$!
{
	archiveVersion = 1;
	classes = {
	};
	objectVersion = 46;
	objects = {

/* Begin PBXBuildFile section */
		5552737F1F0D7ABF007178A6 /* main.m in Sources */ = {isa = PBXBuildFile; fileRef = 5552737E1F0D7ABF007178A6 /* main.m */; };
		555273821F0D7ABF007178A6 /* AppDelegate.m in Sources */ = {isa = PBXBuildFile; fileRef = 555273811F0D7ABF007178A6 /* AppDelegate.m */; };
		555273851F0D7ABF007178A6 /* ViewController.m in Sources */ = {isa = PBXBuildFile; fileRef = 555273841F0D7ABF007178A6 /* ViewController.m */; };
		555273881F0D7ABF007178A6 /* Main.storyboard in Resources */ = {isa = PBXBuildFile; fileRef = 555273861F0D7ABF007178A6 /* Main.storyboard */; };
		5552738A1F0D7ABF007178A6 /* Assets.xcassets in Resources */ = {isa = PBXBuildFile; fileRef = 555273891F0D7ABF007178A6 /* Assets.xcassets */; };
		5552738D1F0D7ABF007178A6 /* LaunchScreen.storyboard in Resources */ = {isa = PBXBuildFile; fileRef = 5552738B1F0D7ABF007178A6 /* LaunchScreen.storyboard */; };
		55CCF7CA1F1413CA002CF5A4 /* dataProvider.m in Sources */ = {isa = PBXBuildFile; fileRef = 55CCF7C91F1413CA002CF5A4 /* dataProvider.m */; };
/* End PBXBuildFile section */

/* Begin PBXFileReference section */
		5552737A1F0D7ABF007178A6 /* currensyconverter.app */ = {isa = PBXFileReference; explicitFileType = wrapper.application; includeInIndex = 0; path = currensyconverter.app; sourceTree = BUILT_PRODUCTS_DIR; };
		5552737E1F0D7ABF007178A6 /* main.m */ = {isa = PBXFileReference; lastKnownFileType = sourcecode.c.objc; path = main.m; sourceTree = "<group>"; };
		555273801F0D7ABF007178A6 /* AppDelegate.h */ = {isa = PBXFileReference; lastKnownFileType = sourcecode.c.h; path = AppDelegate.h; sourceTree = "<group>"; };
		555273811F0D7ABF007178A6 /* AppDelegate.m */ = {isa = PBXFileReference; lastKnownFileType = sourcecode.c.objc; path = AppDelegate.m; sourceTree = "<group>"; };
		555273831F0D7ABF007178A6 /* ViewController.h */ = {isa = PBXFileReference; lastKnownFileType = sourcecode.c.h; path = ViewController.h; sourceTree = "<group>"; };
		555273841F0D7ABF007178A6 /* ViewController.m */ = {isa = PBXFileReference; lastKnownFileType = sourcecode.c.objc; path = ViewController.m; sourceTree = "<group>"; };
		555273871F0D7ABF007178A6 /* Base */ = {isa = PBXFileReference; lastKnownFileType = file.storyboard; name = Base; path = Base.lproj/Main.storyboard; sourceTree = "<group>"; };
		555273891F0D7ABF007178A6 /* Assets.xcassets */ = {isa = PBXFileReference; lastKnownFileType = folder.assetcatalog; path = Assets.xcassets; sourceTree = "<group>"; };
		5552738C1F0D7ABF007178A6 /* Base */ = {isa = PBXFileReference; lastKnownFileType = file.storyboard; name = Base; path = Base.lproj/LaunchScreen.storyboard; sourceTree = "<group>"; };
		5552738E1F0D7ABF007178A6 /* Info.plist */ = {isa = PBXFileReference; lastKnownFileType = text.plist.xml; path = Info.plist; sourceTree = "<group>"; };
		55CCF7C81F1413CA002CF5A4 /* dataProvider.h */ = {isa = PBXFileReference; fileEncoding = 4; lastKnownFileType = sourcecode.c.h; path = dataProvider.h; sourceTree = "<group>"; };
		55CCF7C91F1413CA002CF5A4 /* dataProvider.m */ = {isa = PBXFileReference; fileEncoding = 4; lastKnownFileType = sourcecode.c.objc; path = dataProvider.m; sourceTree = "<group>"; };
/* End PBXFileReference section */

/* Begin PBXFrameworksBuildPhase section */
		555273771F0D7ABF007178A6 /* Frameworks */ = {
			isa = PBXFrameworksBuildPhase;
			buildActionMask = 2147483647;
			files = (
			);
			runOnlyForDeploymentPostprocessing = 0;
		};
/* End PBXFrameworksBuildPhase section */

/* Begin PBXGroup section */
		555273711F0D7ABF007178A6 = {
			isa = PBXGroup;
			children = (
				5552737C1F0D7ABF007178A6 /* currensyconverter */,
				5552737B1F0D7ABF007178A6 /* Products */,
			);
			sourceTree = "<group>";
		};
		5552737B1F0D7ABF007178A6 /* Products */ = {
			isa = PBXGroup;
			children = (
				5552737A1F0D7ABF007178A6 /* currensyconverter.app */,
			);
			name = Products;
			sourceTree = "<group>";
		};
		5552737C1F0D7ABF007178A6 /* currensyconverter */ = {
			isa = PBXGroup;
			children = (
				555273801F0D7ABF007178A6 /* AppDelegate.h */,
				555273811F0D7ABF007178A6 /* AppDelegate.m */,
				555273831F0D7ABF007178A6 /* ViewController.h */,
				555273841F0D7ABF007178A6 /* ViewController.m */,
				555273861F0D7ABF007178A6 /* Main.storyboard */,
				555273891F0D7ABF007178A6 /* Assets.xcassets */,
				5552738B1F0D7ABF007178A6 /* LaunchScreen.storyboard */,
				5552738E1F0D7ABF007178A6 /* Info.plist */,
				5552737D1F0D7ABF007178A6 /* Supporting Files */,
				55CCF7C81F1413CA002CF5A4 /* dataProvider.h */,
				55CCF7C91F1413CA002CF5A4 /* dataProvider.m */,
			);
			path = currensyconverter;
			sourceTree = "<group>";
		};
		5552737D1F0D7ABF007178A6 /* Supporting Files */ = {
			isa = PBXGroup;
			children = (
				5552737E1F0D7ABF007178A6 /* main.m */,
			);
			name = "Supporting Files";
			sourceTree = "<group>";
		};
/* End PBXGroup section */

/* Begin PBXNativeTarget section */
		555273791F0D7ABF007178A6 /* currensyconverter */ = {
			isa = PBXNativeTarget;
			buildConfigurationList = 555273911F0D7ABF007178A6 /* Build configuration list for PBXNativeTarget "currensyconverter" */;
			buildPhases = (
				555273761F0D7ABF007178A6 /* Sources */,
				555273771F0D7ABF007178A6 /* Frameworks */,
				555273781F0D7ABF007178A6 /* Resources */,
			);
			buildRules = (
			);
			dependencies = (
			);
			name = currensyconverter;
			productName = currensyconverter;
			productReference = 5552737A1F0D7ABF007178A6 /* currensyconverter.app */;
			productType = "com.apple.product-type.application";
		};
/* End PBXNativeTarget section */

/* Begin PBXProject section */
		555273721F0D7ABF007178A6 /* Project object */ = {
			isa = PBXProject;
			attributes = {
				LastUpgradeCheck = 0830;
				ORGANIZATIONNAME = Aleks;
				TargetAttributes = {
					555273791F0D7ABF007178A6 = {
						CreatedOnToolsVersion = 8.3.3;
						DevelopmentTeam = B5MHTW4TA8;
						ProvisioningStyle = Automatic;
					};
				};
			};
			buildConfigurationList = 555273751F0D7ABF007178A6 /* Build configuration list for PBXProject "currensyconverter" */;
			compatibilityVersion = "Xcode 3.2";
			developmentRegion = English;
			hasScannedForEncodings = 0;
			knownRegions = (
				en,
				Base,
			);
			mainGroup = 555273711F0D7ABF007178A6;
			productRefGroup = 5552737B1F0D7ABF007178A6 /* Products */;
			projectDirPath = "";
			projectRoot = "";
			targets = (
				555273791F0D7ABF007178A6 /* currensyconverter */,
			);
		};
/* End PBXProject section */

/* Begin PBXResourcesBuildPhase section */
		555273781F0D7ABF007178A6 /* Resources */ = {
			isa = PBXResourcesBuildPhase;
			buildActionMask = 2147483647;
			files = (
				5552738D1F0D7ABF007178A6 /* LaunchScreen.storyboard in Resources */,
				5552738A1F0D7ABF007178A6 /* Assets.xcassets in Resources */,
				555273881F0D7ABF007178A6 /* Main.storyboard in Resources */,
			);
			runOnlyForDeploymentPostprocessing = 0;
		};
/* End PBXResourcesBuildPhase section */

/* Begin PBXSourcesBuildPhase section */
		555273761F0D7ABF007178A6 /* Sources */ = {
			isa = PBXSourcesBuildPhase;
			buildActionMask = 2147483647;
			files = (
				555273851F0D7ABF007178A6 /* ViewController.m in Sources */,
				555273821F0D7ABF007178A6 /* AppDelegate.m in Sources */,
				55CCF7CA1F1413CA002CF5A4 /* dataProvider.m in Sources */,
				5552737F1F0D7ABF007178A6 /* main.m in Sources */,
			);
			runOnlyForDeploymentPostprocessing = 0;
		};
/* End PBXSourcesBuildPhase section */

/* Begin PBXVariantGroup section */
		555273861F0D7ABF007178A6 /* Main.storyboard */ = {
			isa = PBXVariantGroup;
			children = (
				555273871F0D7ABF007178A6 /* Base */,
			);
			name = Main.storyboard;
			sourceTree = "<group>";
		};
		5552738B1F0D7ABF007178A6 /* LaunchScreen.storyboard */ = {
			isa = PBXVariantGroup;
			children = (
				5552738C1F0D7ABF007178A6 /* Base */,
			);
			name = LaunchScreen.storyboard;
			sourceTree = "<group>";
		};
/* End PBXVariantGroup section */

/* Begin XCBuildConfiguration section */
		5552738F1F0D7ABF007178A6 /* Debug */ = {
			isa = XCBuildConfiguration;
			buildSettings = {
				ALWAYS_SEARCH_USER_PATHS = NO;
				CLANG_ANALYZER_NONNULL = YES;
				CLANG_ANALYZER_NUMBER_OBJECT_CONVERSION = YES_AGGRESSIVE;
				CLANG_CXX_LANGUAGE_STANDARD = "gnu++0x";
				CLANG_CXX_LIBRARY = "libc++";
				CLANG_ENABLE_MODULES = YES;
				CLANG_ENABLE_OBJC_ARC = YES;
				CLANG_WARN_BOOL_CONVERSION = YES;
				CLANG_WARN_CONSTANT_CONVERSION = YES;
				CLANG_WARN_DIRECT_OBJC_ISA_USAGE = YES_ERROR;
				CLANG_WARN_DOCUMENTATION_COMMENTS = YES;
				CLANG_WARN_EMPTY_BODY = YES;
				CLANG_WARN_ENUM_CONVERSION = YES;
				CLANG_WARN_INFINITE_RECURSION = YES;
				CLANG_WARN_INT_CONVERSION = YES;
				CLANG_WARN_OBJC_ROOT_CLASS = YES_ERROR;
				CLANG_WARN_SUSPICIOUS_MOVE = YES;
				CLANG_WARN_UNREACHABLE_CODE = YES;
				CLANG_WARN__DUPLICATE_METHOD_MATCH = YES;
				"CODE_SIGN_IDENTITY[sdk=iphoneos*]" = "iPhone Developer";
				COPY_PHASE_STRIP = NO;
				DEBUG_INFORMATION_FORMAT = dwarf;
				ENABLE_STRICT_OBJC_MSGSEND = YES;
				ENABLE_TESTABILITY = YES;
				GCC_C_LANGUAGE_STANDARD = gnu99;
				GCC_DYNAMIC_NO_PIC = NO;
				GCC_NO_COMMON_BLOCKS = YES;
				GCC_OPTIMIZATION_LEVEL = 0;
				GCC_PREPROCESSOR_DEFINITIONS = (
					"DEBUG=1",
					"$(inherited)",
				);
				GCC_WARN_64_TO_32_BIT_CONVERSION = YES;
				GCC_WARN_ABOUT_RETURN_TYPE = YES_ERROR;
				GCC_WARN_UNDECLARED_SELECTOR = YES;
				GCC_WARN_UNINITIALIZED_AUTOS = YES_AGGRESSIVE;
				GCC_WARN_UNUSED_FUNCTION = YES;
				GCC_WARN_UNUSED_VARIABLE = YES;
				IPHONEOS_DEPLOYMENT_TARGET = 10.3;
				MTL_ENABLE_DEBUG_INFO = YES;
				ONLY_ACTIVE_ARCH = YES;
				SDKROOT = iphoneos;
				TARGETED_DEVICE_FAMILY = "1,2";
			};
			name = Debug;
		};
		555273901F0D7ABF007178A6 /* Release */ = {
			isa = XCBuildConfiguration;
			buildSettings = {
				ALWAYS_SEARCH_USER_PATHS = NO;
				CLANG_ANALYZER_NONNULL = YES;
				CLANG_ANALYZER_NUMBER_OBJECT_CONVERSION = YES_AGGRESSIVE;
				CLANG_CXX_LANGUAGE_STANDARD = "gnu++0x";
				CLANG_CXX_LIBRARY = "libc++";
				CLANG_ENABLE_MODULES = YES;
				CLANG_ENABLE_OBJC_ARC = YES;
				CLANG_WARN_BOOL_CONVERSION = YES;
				CLANG_WARN_CONSTANT_CONVERSION = YES;
				CLANG_WARN_DIRECT_OBJC_ISA_USAGE = YES_ERROR;
				CLANG_WARN_DOCUMENTATION_COMMENTS = YES;
				CLANG_WARN_EMPTY_BODY = YES;
				CLANG_WARN_ENUM_CONVERSION = YES;
				CLANG_WARN_INFINITE_RECURSION = YES;
				CLANG_WARN_INT_CONVERSION = YES;
				CLANG_WARN_OBJC_ROOT_CLASS = YES_ERROR;
				CLANG_WARN_SUSPICIOUS_MOVE = YES;
				CLANG_WARN_UNREACHABLE_CODE = YES;
				CLANG_WARN__DUPLICATE_METHOD_MATCH = YES;
				"CODE_SIGN_IDENTITY[sdk=iphoneos*]" = "iPhone Developer";
				COPY_PHASE_STRIP = NO;
				DEBUG_INFORMATION_FORMAT = "dwarf-with-dsym";
				ENABLE_NS_ASSERTIONS = NO;
				ENABLE_STRICT_OBJC_MSGSEND = YES;
				GCC_C_LANGUAGE_STANDARD = gnu99;
				GCC_NO_COMMON_BLOCKS = YES;
				GCC_WARN_64_TO_32_BIT_CONVERSION = YES;
				GCC_WARN_ABOUT_RETURN_TYPE = YES_ERROR;
				GCC_WARN_UNDECLARED_SELECTOR = YES;
				GCC_WARN_UNINITIALIZED_AUTOS = YES_AGGRESSIVE;
				GCC_WARN_UNUSED_FUNCTION = YES;
				GCC_WARN_UNUSED_VARIABLE = YES;
				IPHONEOS_DEPLOYMENT_TARGET = 10.3;
				MTL_ENABLE_DEBUG_INFO = NO;
				SDKROOT = iphoneos;
				TARGETED_DEVICE_FAMILY = "1,2";
				VALIDATE_PRODUCT = YES;
			};
			name = Release;
		};
		555273921F0D7ABF007178A6 /* Debug */ = {
			isa = XCBuildConfiguration;
			buildSettings = {
				ASSETCATALOG_COMPILER_APPICON_NAME = AppIcon;
				DEVELOPMENT_TEAM = B5MHTW4TA8;
				INFOPLIST_FILE = currensyconverter/Info.plist;
				LD_RUNPATH_SEARCH_PATHS = "$(inherited) @executable_path/Frameworks";
				PRODUCT_BUNDLE_IDENTIFIER = ru.sberbank.currensyconverter;
				PRODUCT_NAME = "$(TARGET_NAME)";
			};
			name = Debug;
		};
		555273931F0D7ABF007178A6 /* Release */ = {
			isa = XCBuildConfiguration;
			buildSettings = {
				ASSETCATALOG_COMPILER_APPICON_NAME = AppIcon;
				DEVELOPMENT_TEAM = B5MHTW4TA8;
				INFOPLIST_FILE = currensyconverter/Info.plist;
				LD_RUNPATH_SEARCH_PATHS = "$(inherited) @executable_path/Frameworks";
				PRODUCT_BUNDLE_IDENTIFIER = ru.sberbank.currensyconverter;
				PRODUCT_NAME = "$(TARGET_NAME)";
			};
			name = Release;
		};
/* End XCBuildConfiguration section */

/* Begin XCConfigurationList section */
		555273751F0D7ABF007178A6 /* Build configuration list for PBXProject "currensyconverter" */ = {
			isa = XCConfigurationList;
			buildConfigurations = (
				5552738F1F0D7ABF007178A6 /* Debug */,
				555273901F0D7ABF007178A6 /* Release */,
			);
			defaultConfigurationIsVisible = 0;
			defaultConfigurationName = Release;
		};
		555273911F0D7ABF007178A6 /* Build configuration list for PBXNativeTarget "currensyconverter" */ = {
			isa = XCConfigurationList;
			buildConfigurations = (
				555273921F0D7ABF007178A6 /* Debug */,
				555273931F0D7ABF007178A6 /* Release */,
			);
			defaultConfigurationIsVisible = 0;
			defaultConfigurationName = Release;
		};
/* End XCConfigurationList section */
	};
	rootObject = 555273721F0D7ABF007178A6 /* Project object */;
}
